// !$*UTF8*$!
{
	archiveVersion = 1;
	classes = {
	};
	objectVersion = 51;
	objects = {

/* Begin PBXBuildFile section */
		0112ADB122B80C2100588E1A /* DAOFirebase.swift in Sources */ = {isa = PBXBuildFile; fileRef = 0112ADB022B80C2100588E1A /* DAOFirebase.swift */; };
		01B09202229F0D37006CDBF5 /* DesignableCorners.swift in Sources */ = {isa = PBXBuildFile; fileRef = 01B09201229F0D37006CDBF5 /* DesignableCorners.swift */; };
		01B0920422A05BC9006CDBF5 /* QuizzesTableViewController.swift in Sources */ = {isa = PBXBuildFile; fileRef = 01B0920322A05BC9006CDBF5 /* QuizzesTableViewController.swift */; };
		01B0920622A05C85006CDBF5 /* QuizzTableViewCell.swift in Sources */ = {isa = PBXBuildFile; fileRef = 01B0920522A05C85006CDBF5 /* QuizzTableViewCell.swift */; };
		01D5325222B190A000F6EE06 /* IniciarViewController.swift in Sources */ = {isa = PBXBuildFile; fileRef = 01D5325122B190A000F6EE06 /* IniciarViewController.swift */; };
		01D5325422B40F0B00F6EE06 /* GoogleService-Info.plist in Resources */ = {isa = PBXBuildFile; fileRef = 01D5325322B40F0B00F6EE06 /* GoogleService-Info.plist */; };
		01E3F385228494DC00656C50 /* AppDelegate.swift in Sources */ = {isa = PBXBuildFile; fileRef = 01E3F384228494DC00656C50 /* AppDelegate.swift */; };
		01E3F38A228494DC00656C50 /* Main.storyboard in Resources */ = {isa = PBXBuildFile; fileRef = 01E3F388228494DC00656C50 /* Main.storyboard */; };
		01E3F38C228494DE00656C50 /* Assets.xcassets in Resources */ = {isa = PBXBuildFile; fileRef = 01E3F38B228494DE00656C50 /* Assets.xcassets */; };
		01E3F38F228494DE00656C50 /* LaunchScreen.storyboard in Resources */ = {isa = PBXBuildFile; fileRef = 01E3F38D228494DE00656C50 /* LaunchScreen.storyboard */; };
		01E3F3972284975F00656C50 /* PerguntasViewController.swift in Sources */ = {isa = PBXBuildFile; fileRef = 01E3F3962284975F00656C50 /* PerguntasViewController.swift */; };
		01E3F3992284978600656C50 /* ResultadoViewController.swift in Sources */ = {isa = PBXBuildFile; fileRef = 01E3F3982284978600656C50 /* ResultadoViewController.swift */; };
		01E3F39B22849AA300656C50 /* Perguntas.swift in Sources */ = {isa = PBXBuildFile; fileRef = 01E3F39A22849AA300656C50 /* Perguntas.swift */; };
		01E3F39D22849C2F00656C50 /* Model.swift in Sources */ = {isa = PBXBuildFile; fileRef = 01E3F39C22849C2F00656C50 /* Model.swift */; };
		01E3F39F2284A4DC00656C50 /* ViewController.swift in Sources */ = {isa = PBXBuildFile; fileRef = 01E3F39E2284A4DC00656C50 /* ViewController.swift */; };
		01F7950C22A84E2500ADD796 /* QuizzCollectionViewCell.swift in Sources */ = {isa = PBXBuildFile; fileRef = 01F7950B22A84E2500ADD796 /* QuizzCollectionViewCell.swift */; };
		01F7950E22A851CC00ADD796 /* CollectionViewController.swift in Sources */ = {isa = PBXBuildFile; fileRef = 01F7950D22A851CC00ADD796 /* CollectionViewController.swift */; };
		8104611C1DB7812E227FD899 /* Pods_Quiz.framework in Frameworks */ = {isa = PBXBuildFile; fileRef = DA754C508E7D59B44244E7B7 /* Pods_Quiz.framework */; };
/* End PBXBuildFile section */

/* Begin PBXFileReference section */
		0112ADB022B80C2100588E1A /* DAOFirebase.swift */ = {isa = PBXFileReference; lastKnownFileType = sourcecode.swift; path = DAOFirebase.swift; sourceTree = "<group>"; };
		01B09201229F0D37006CDBF5 /* DesignableCorners.swift */ = {isa = PBXFileReference; fileEncoding = 4; lastKnownFileType = sourcecode.swift; name = DesignableCorners.swift; path = ../../DesignableCorners.swift; sourceTree = "<group>"; };
		01B0920322A05BC9006CDBF5 /* QuizzesTableViewController.swift */ = {isa = PBXFileReference; lastKnownFileType = sourcecode.swift; path = QuizzesTableViewController.swift; sourceTree = "<group>"; };
		01B0920522A05C85006CDBF5 /* QuizzTableViewCell.swift */ = {isa = PBXFileReference; lastKnownFileType = sourcecode.swift; path = QuizzTableViewCell.swift; sourceTree = "<group>"; };
		01D5325122B190A000F6EE06 /* IniciarViewController.swift */ = {isa = PBXFileReference; lastKnownFileType = sourcecode.swift; path = IniciarViewController.swift; sourceTree = "<group>"; };
		01D5325322B40F0B00F6EE06 /* GoogleService-Info.plist */ = {isa = PBXFileReference; fileEncoding = 4; lastKnownFileType = text.plist.xml; path = "GoogleService-Info.plist"; sourceTree = "<group>"; };
		01E3F381228494DC00656C50 /* Quiz.app */ = {isa = PBXFileReference; explicitFileType = wrapper.application; includeInIndex = 0; path = Quiz.app; sourceTree = BUILT_PRODUCTS_DIR; };
		01E3F384228494DC00656C50 /* AppDelegate.swift */ = {isa = PBXFileReference; lastKnownFileType = sourcecode.swift; path = AppDelegate.swift; sourceTree = "<group>"; };
		01E3F389228494DC00656C50 /* Base */ = {isa = PBXFileReference; lastKnownFileType = file.storyboard; name = Base; path = Base.lproj/Main.storyboard; sourceTree = "<group>"; };
		01E3F38B228494DE00656C50 /* Assets.xcassets */ = {isa = PBXFileReference; lastKnownFileType = folder.assetcatalog; path = Assets.xcassets; sourceTree = "<group>"; };
		01E3F38E228494DE00656C50 /* Base */ = {isa = PBXFileReference; lastKnownFileType = file.storyboard; name = Base; path = Base.lproj/LaunchScreen.storyboard; sourceTree = "<group>"; };
		01E3F390228494DE00656C50 /* Info.plist */ = {isa = PBXFileReference; lastKnownFileType = text.plist.xml; path = Info.plist; sourceTree = "<group>"; };
		01E3F3962284975F00656C50 /* PerguntasViewController.swift */ = {isa = PBXFileReference; lastKnownFileType = sourcecode.swift; path = PerguntasViewController.swift; sourceTree = "<group>"; };
		01E3F3982284978600656C50 /* ResultadoViewController.swift */ = {isa = PBXFileReference; lastKnownFileType = sourcecode.swift; path = ResultadoViewController.swift; sourceTree = "<group>"; };
		01E3F39A22849AA300656C50 /* Perguntas.swift */ = {isa = PBXFileReference; lastKnownFileType = sourcecode.swift; path = Perguntas.swift; sourceTree = "<group>"; };
		01E3F39C22849C2F00656C50 /* Model.swift */ = {isa = PBXFileReference; lastKnownFileType = sourcecode.swift; path = Model.swift; sourceTree = "<group>"; };
		01E3F39E2284A4DC00656C50 /* ViewController.swift */ = {isa = PBXFileReference; lastKnownFileType = sourcecode.swift; path = ViewController.swift; sourceTree = "<group>"; };
		01F7950B22A84E2500ADD796 /* QuizzCollectionViewCell.swift */ = {isa = PBXFileReference; lastKnownFileType = sourcecode.swift; path = QuizzCollectionViewCell.swift; sourceTree = "<group>"; };
		01F7950D22A851CC00ADD796 /* CollectionViewController.swift */ = {isa = PBXFileReference; lastKnownFileType = sourcecode.swift; path = CollectionViewController.swift; sourceTree = "<group>"; };
		12293FC7E5C15EC34168A506 /* Pods-Quiz.debug.xcconfig */ = {isa = PBXFileReference; includeInIndex = 1; lastKnownFileType = text.xcconfig; name = "Pods-Quiz.debug.xcconfig"; path = "Target Support Files/Pods-Quiz/Pods-Quiz.debug.xcconfig"; sourceTree = "<group>"; };
		554840558A26F71B65A9A11B /* Pods-Quiz.release.xcconfig */ = {isa = PBXFileReference; includeInIndex = 1; lastKnownFileType = text.xcconfig; name = "Pods-Quiz.release.xcconfig"; path = "Target Support Files/Pods-Quiz/Pods-Quiz.release.xcconfig"; sourceTree = "<group>"; };
		DA754C508E7D59B44244E7B7 /* Pods_Quiz.framework */ = {isa = PBXFileReference; explicitFileType = wrapper.framework; includeInIndex = 0; path = Pods_Quiz.framework; sourceTree = BUILT_PRODUCTS_DIR; };
/* End PBXFileReference section */

/* Begin PBXFrameworksBuildPhase section */
		01E3F37E228494DC00656C50 /* Frameworks */ = {
			isa = PBXFrameworksBuildPhase;
			buildActionMask = 2147483647;
			files = (
				8104611C1DB7812E227FD899 /* Pods_Quiz.framework in Frameworks */,
			);
			runOnlyForDeploymentPostprocessing = 0;
		};
/* End PBXFrameworksBuildPhase section */

/* Begin PBXGroup section */
		01E3F378228494DC00656C50 = {
			isa = PBXGroup;
			children = (
				01E3F383228494DC00656C50 /* Quiz */,
				01E3F382228494DC00656C50 /* Products */,
				78A4F550F2B88B036578E235 /* Pods */,
				7E6D144FC3D283072E59D1D9 /* Frameworks */,
			);
			sourceTree = "<group>";
		};
		01E3F382228494DC00656C50 /* Products */ = {
			isa = PBXGroup;
			children = (
				01E3F381228494DC00656C50 /* Quiz.app */,
			);
			name = Products;
			sourceTree = "<group>";
		};
		01E3F383228494DC00656C50 /* Quiz */ = {
			isa = PBXGroup;
			children = (
				01B09201229F0D37006CDBF5 /* DesignableCorners.swift */,
				01E3F384228494DC00656C50 /* AppDelegate.swift */,
				0112ADB022B80C2100588E1A /* DAOFirebase.swift */,
				01E3F388228494DC00656C50 /* Main.storyboard */,
				01B0920522A05C85006CDBF5 /* QuizzTableViewCell.swift */,
				01B0920322A05BC9006CDBF5 /* QuizzesTableViewController.swift */,
				01E3F38B228494DE00656C50 /* Assets.xcassets */,
				01E3F38D228494DE00656C50 /* LaunchScreen.storyboard */,
				01E3F390228494DE00656C50 /* Info.plist */,
				01D5325322B40F0B00F6EE06 /* GoogleService-Info.plist */,
				01E3F3962284975F00656C50 /* PerguntasViewController.swift */,
				01E3F3982284978600656C50 /* ResultadoViewController.swift */,
				01E3F39A22849AA300656C50 /* Perguntas.swift */,
				01E3F39C22849C2F00656C50 /* Model.swift */,
				01E3F39E2284A4DC00656C50 /* ViewController.swift */,
				01F7950B22A84E2500ADD796 /* QuizzCollectionViewCell.swift */,
				01F7950D22A851CC00ADD796 /* CollectionViewController.swift */,
				01D5325122B190A000F6EE06 /* IniciarViewController.swift */,
			);
			path = Quiz;
			sourceTree = "<group>";
		};
		78A4F550F2B88B036578E235 /* Pods */ = {
			isa = PBXGroup;
			children = (
				12293FC7E5C15EC34168A506 /* Pods-Quiz.debug.xcconfig */,
				554840558A26F71B65A9A11B /* Pods-Quiz.release.xcconfig */,
			);
			path = Pods;
			sourceTree = "<group>";
		};
		7E6D144FC3D283072E59D1D9 /* Frameworks */ = {
			isa = PBXGroup;
			children = (
				DA754C508E7D59B44244E7B7 /* Pods_Quiz.framework */,
			);
			name = Frameworks;
			sourceTree = "<group>";
		};
/* End PBXGroup section */

/* Begin PBXNativeTarget section */
		01E3F380228494DC00656C50 /* Quiz */ = {
			isa = PBXNativeTarget;
			buildConfigurationList = 01E3F393228494DE00656C50 /* Build configuration list for PBXNativeTarget "Quiz" */;
			buildPhases = (
				46C8369774FAED004679FBC6 /* [CP] Check Pods Manifest.lock */,
				01E3F37D228494DC00656C50 /* Sources */,
				01E3F37E228494DC00656C50 /* Frameworks */,
				01E3F37F228494DC00656C50 /* Resources */,
				7D4360CD3CC5E5AAB42F812F /* [CP] Embed Pods Frameworks */,
			);
			buildRules = (
			);
			dependencies = (
			);
			name = Quiz;
			productName = Quiz;
			productReference = 01E3F381228494DC00656C50 /* Quiz.app */;
			productType = "com.apple.product-type.application";
		};
/* End PBXNativeTarget section */

/* Begin PBXProject section */
		01E3F379228494DC00656C50 /* Project object */ = {
			isa = PBXProject;
			attributes = {
				LastSwiftUpdateCheck = 1020;
				LastUpgradeCheck = 1020;
				ORGANIZATIONNAME = "Rodrigo Forbeck Odppes";
				TargetAttributes = {
					01E3F380228494DC00656C50 = {
						CreatedOnToolsVersion = 10.2.1;
					};
				};
			};
			buildConfigurationList = 01E3F37C228494DC00656C50 /* Build configuration list for PBXProject "Quiz" */;
			compatibilityVersion = "Xcode 9.3";
			developmentRegion = en;
			hasScannedForEncodings = 0;
			knownRegions = (
				en,
				Base,
			);
			mainGroup = 01E3F378228494DC00656C50;
			productRefGroup = 01E3F382228494DC00656C50 /* Products */;
			projectDirPath = "";
			projectRoot = "";
			targets = (
				01E3F380228494DC00656C50 /* Quiz */,
			);
		};
/* End PBXProject section */

/* Begin PBXResourcesBuildPhase section */
		01E3F37F228494DC00656C50 /* Resources */ = {
			isa = PBXResourcesBuildPhase;
			buildActionMask = 2147483647;
			files = (
				01E3F38F228494DE00656C50 /* LaunchScreen.storyboard in Resources */,
				01D5325422B40F0B00F6EE06 /* GoogleService-Info.plist in Resources */,
				01E3F38C228494DE00656C50 /* Assets.xcassets in Resources */,
				01E3F38A228494DC00656C50 /* Main.storyboard in Resources */,
			);
			runOnlyForDeploymentPostprocessing = 0;
		};
/* End PBXResourcesBuildPhase section */

/* Begin PBXShellScriptBuildPhase section */
		46C8369774FAED004679FBC6 /* [CP] Check Pods Manifest.lock */ = {
			isa = PBXShellScriptBuildPhase;
			buildActionMask = 2147483647;
			files = (
			);
			inputFileListPaths = (
			);
			inputPaths = (
				"${PODS_PODFILE_DIR_PATH}/Podfile.lock",
				"${PODS_ROOT}/Manifest.lock",
			);
			name = "[CP] Check Pods Manifest.lock";
			outputFileListPaths = (
			);
			outputPaths = (
				"$(DERIVED_FILE_DIR)/Pods-Quiz-checkManifestLockResult.txt",
			);
			runOnlyForDeploymentPostprocessing = 0;
			shellPath = /bin/sh;
			shellScript = "diff \"${PODS_PODFILE_DIR_PATH}/Podfile.lock\" \"${PODS_ROOT}/Manifest.lock\" > /dev/null\nif [ $? != 0 ] ; then\n    # print error to STDERR\n    echo \"error: The sandbox is not in sync with the Podfile.lock. Run 'pod install' or update your CocoaPods installation.\" >&2\n    exit 1\nfi\n# This output is used by Xcode 'outputs' to avoid re-running this script phase.\necho \"SUCCESS\" > \"${SCRIPT_OUTPUT_FILE_0}\"\n";
			showEnvVarsInLog = 0;
		};
		7D4360CD3CC5E5AAB42F812F /* [CP] Embed Pods Frameworks */ = {
			isa = PBXShellScriptBuildPhase;
			buildActionMask = 2147483647;
			files = (
			);
			inputFileListPaths = (
				"${PODS_ROOT}/Target Support Files/Pods-Quiz/Pods-Quiz-frameworks-${CONFIGURATION}-input-files.xcfilelist",
			);
			name = "[CP] Embed Pods Frameworks";
			outputFileListPaths = (
				"${PODS_ROOT}/Target Support Files/Pods-Quiz/Pods-Quiz-frameworks-${CONFIGURATION}-output-files.xcfilelist",
			);
			runOnlyForDeploymentPostprocessing = 0;
			shellPath = /bin/sh;
			shellScript = "\"${PODS_ROOT}/Target Support Files/Pods-Quiz/Pods-Quiz-frameworks.sh\"\n";
			showEnvVarsInLog = 0;
		};
/* End PBXShellScriptBuildPhase section */

/* Begin PBXSourcesBuildPhase section */
		01E3F37D228494DC00656C50 /* Sources */ = {
			isa = PBXSourcesBuildPhase;
			buildActionMask = 2147483647;
			files = (
				01D5325222B190A000F6EE06 /* IniciarViewController.swift in Sources */,
				01E3F39F2284A4DC00656C50 /* ViewController.swift in Sources */,
				01E3F385228494DC00656C50 /* AppDelegate.swift in Sources */,
				01F7950C22A84E2500ADD796 /* QuizzCollectionViewCell.swift in Sources */,
				01B0920422A05BC9006CDBF5 /* QuizzesTableViewController.swift in Sources */,
				01B09202229F0D37006CDBF5 /* DesignableCorners.swift in Sources */,
				01E3F39B22849AA300656C50 /* Perguntas.swift in Sources */,
				01E3F39D22849C2F00656C50 /* Model.swift in Sources */,
				01E3F3992284978600656C50 /* ResultadoViewController.swift in Sources */,
				01B0920622A05C85006CDBF5 /* QuizzTableViewCell.swift in Sources */,
				01E3F3972284975F00656C50 /* PerguntasViewController.swift in Sources */,
				0112ADB122B80C2100588E1A /* DAOFirebase.swift in Sources */,
				01F7950E22A851CC00ADD796 /* CollectionViewController.swift in Sources */,
			);
			runOnlyForDeploymentPostprocessing = 0;
		};
/* End PBXSourcesBuildPhase section */

/* Begin PBXVariantGroup section */
		01E3F388228494DC00656C50 /* Main.storyboard */ = {
			isa = PBXVariantGroup;
			children = (
				01E3F389228494DC00656C50 /* Base */,
			);
			name = Main.storyboard;
			sourceTree = "<group>";
		};
		01E3F38D228494DE00656C50 /* LaunchScreen.storyboard */ = {
			isa = PBXVariantGroup;
			children = (
				01E3F38E228494DE00656C50 /* Base */,
			);
			name = LaunchScreen.storyboard;
			sourceTree = "<group>";
		};
/* End PBXVariantGroup section */

/* Begin XCBuildConfiguration section */
		01E3F391228494DE00656C50 /* Debug */ = {
			isa = XCBuildConfiguration;
			buildSettings = {
				ALWAYS_SEARCH_USER_PATHS = NO;
				CLANG_ANALYZER_NONNULL = YES;
				CLANG_ANALYZER_NUMBER_OBJECT_CONVERSION = YES_AGGRESSIVE;
				CLANG_CXX_LANGUAGE_STANDARD = "gnu++14";
				CLANG_CXX_LIBRARY = "libc++";
				CLANG_ENABLE_MODULES = YES;
				CLANG_ENABLE_OBJC_ARC = YES;
				CLANG_ENABLE_OBJC_WEAK = YES;
				CLANG_WARN_BLOCK_CAPTURE_AUTORELEASING = YES;
				CLANG_WARN_BOOL_CONVERSION = YES;
				CLANG_WARN_COMMA = YES;
				CLANG_WARN_CONSTANT_CONVERSION = YES;
				CLANG_WARN_DEPRECATED_OBJC_IMPLEMENTATIONS = YES;
				CLANG_WARN_DIRECT_OBJC_ISA_USAGE = YES_ERROR;
				CLANG_WARN_DOCUMENTATION_COMMENTS = YES;
				CLANG_WARN_EMPTY_BODY = YES;
				CLANG_WARN_ENUM_CONVERSION = YES;
				CLANG_WARN_INFINITE_RECURSION = YES;
				CLANG_WARN_INT_CONVERSION = YES;
				CLANG_WARN_NON_LITERAL_NULL_CONVERSION = YES;
				CLANG_WARN_OBJC_IMPLICIT_RETAIN_SELF = YES;
				CLANG_WARN_OBJC_LITERAL_CONVERSION = YES;
				CLANG_WARN_OBJC_ROOT_CLASS = YES_ERROR;
				CLANG_WARN_RANGE_LOOP_ANALYSIS = YES;
				CLANG_WARN_STRICT_PROTOTYPES = YES;
				CLANG_WARN_SUSPICIOUS_MOVE = YES;
				CLANG_WARN_UNGUARDED_AVAILABILITY = YES_AGGRESSIVE;
				CLANG_WARN_UNREACHABLE_CODE = YES;
				CLANG_WARN__DUPLICATE_METHOD_MATCH = YES;
				CODE_SIGN_IDENTITY = "iPhone Developer";
				COPY_PHASE_STRIP = NO;
				DEBUG_INFORMATION_FORMAT = dwarf;
				ENABLE_STRICT_OBJC_MSGSEND = YES;
				ENABLE_TESTABILITY = YES;
				GCC_C_LANGUAGE_STANDARD = gnu11;
				GCC_DYNAMIC_NO_PIC = NO;
				GCC_NO_COMMON_BLOCKS = YES;
				GCC_OPTIMIZATION_LEVEL = 0;
				GCC_PREPROCESSOR_DEFINITIONS = (
					"DEBUG=1",
					"$(inherited)",
				);
				GCC_WARN_64_TO_32_BIT_CONVERSION = YES;
				GCC_WARN_ABOUT_RETURN_TYPE = YES_ERROR;
				GCC_WARN_UNDECLARED_SELECTOR = YES;
				GCC_WARN_UNINITIALIZED_AUTOS = YES_AGGRESSIVE;
				GCC_WARN_UNUSED_FUNCTION = YES;
				GCC_WARN_UNUSED_VARIABLE = YES;
				IPHONEOS_DEPLOYMENT_TARGET = 12.2;
				MTL_ENABLE_DEBUG_INFO = INCLUDE_SOURCE;
				MTL_FAST_MATH = YES;
				ONLY_ACTIVE_ARCH = YES;
				SDKROOT = iphoneos;
				SWIFT_ACTIVE_COMPILATION_CONDITIONS = DEBUG;
				SWIFT_OPTIMIZATION_LEVEL = "-Onone";
			};
			name = Debug;
		};
		01E3F392228494DE00656C50 /* Release */ = {
			isa = XCBuildConfiguration;
			buildSettings = {
				ALWAYS_SEARCH_USER_PATHS = NO;
				CLANG_ANALYZER_NONNULL = YES;
				CLANG_ANALYZER_NUMBER_OBJECT_CONVERSION = YES_AGGRESSIVE;
				CLANG_CXX_LANGUAGE_STANDARD = "gnu++14";
				CLANG_CXX_LIBRARY = "libc++";
				CLANG_ENABLE_MODULES = YES;
				CLANG_ENABLE_OBJC_ARC = YES;
				CLANG_ENABLE_OBJC_WEAK = YES;
				CLANG_WARN_BLOCK_CAPTURE_AUTORELEASING = YES;
				CLANG_WARN_BOOL_CONVERSION = YES;
				CLANG_WARN_COMMA = YES;
				CLANG_WARN_CONSTANT_CONVERSION = YES;
				CLANG_WARN_DEPRECATED_OBJC_IMPLEMENTATIONS = YES;
				CLANG_WARN_DIRECT_OBJC_ISA_USAGE = YES_ERROR;
				CLANG_WARN_DOCUMENTATION_COMMENTS = YES;
				CLANG_WARN_EMPTY_BODY = YES;
				CLANG_WARN_ENUM_CONVERSION = YES;
				CLANG_WARN_INFINITE_RECURSION = YES;
				CLANG_WARN_INT_CONVERSION = YES;
				CLANG_WARN_NON_LITERAL_NULL_CONVERSION = YES;
				CLANG_WARN_OBJC_IMPLICIT_RETAIN_SELF = YES;
				CLANG_WARN_OBJC_LITERAL_CONVERSION = YES;
				CLANG_WARN_OBJC_ROOT_CLASS = YES_ERROR;
				CLANG_WARN_RANGE_LOOP_ANALYSIS = YES;
				CLANG_WARN_STRICT_PROTOTYPES = YES;
				CLANG_WARN_SUSPICIOUS_MOVE = YES;
				CLANG_WARN_UNGUARDED_AVAILABILITY = YES_AGGRESSIVE;
				CLANG_WARN_UNREACHABLE_CODE = YES;
				CLANG_WARN__DUPLICATE_METHOD_MATCH = YES;
				CODE_SIGN_IDENTITY = "iPhone Developer";
				COPY_PHASE_STRIP = NO;
				DEBUG_INFORMATION_FORMAT = "dwarf-with-dsym";
				ENABLE_NS_ASSERTIONS = NO;
				ENABLE_STRICT_OBJC_MSGSEND = YES;
				GCC_C_LANGUAGE_STANDARD = gnu11;
				GCC_NO_COMMON_BLOCKS = YES;
				GCC_WARN_64_TO_32_BIT_CONVERSION = YES;
				GCC_WARN_ABOUT_RETURN_TYPE = YES_ERROR;
				GCC_WARN_UNDECLARED_SELECTOR = YES;
				GCC_WARN_UNINITIALIZED_AUTOS = YES_AGGRESSIVE;
				GCC_WARN_UNUSED_FUNCTION = YES;
				GCC_WARN_UNUSED_VARIABLE = YES;
				IPHONEOS_DEPLOYMENT_TARGET = 12.2;
				MTL_ENABLE_DEBUG_INFO = NO;
				MTL_FAST_MATH = YES;
				SDKROOT = iphoneos;
				SWIFT_COMPILATION_MODE = wholemodule;
				SWIFT_OPTIMIZATION_LEVEL = "-O";
				VALIDATE_PRODUCT = YES;
			};
			name = Release;
		};
		01E3F394228494DE00656C50 /* Debug */ = {
			isa = XCBuildConfiguration;
			baseConfigurationReference = 12293FC7E5C15EC34168A506 /* Pods-Quiz.debug.xcconfig */;
			buildSettings = {
				ASSETCATALOG_COMPILER_APPICON_NAME = AppIcon;
				CODE_SIGN_STYLE = Automatic;
				DEVELOPMENT_TEAM = B63FX989D9;
				INFOPLIST_FILE = Quiz/Info.plist;
				LD_RUNPATH_SEARCH_PATHS = (
					"$(inherited)",
					"@executable_path/Frameworks",
				);
				PRODUCT_BUNDLE_IDENTIFIER = com.rodrigoforbeck.Quiz;
				PRODUCT_NAME = "$(TARGET_NAME)";
				SWIFT_VERSION = 5.0;
				TARGETED_DEVICE_FAMILY = "1,2";
			};
			name = Debug;
		};
		01E3F395228494DE00656C50 /* Release */ = {
			isa = XCBuildConfiguration;
			baseConfigurationReference = 554840558A26F71B65A9A11B /* Pods-Quiz.release.xcconfig */;
			buildSettings = {
				ASSETCATALOG_COMPILER_APPICON_NAME = AppIcon;
				CODE_SIGN_STYLE = Automatic;
				DEVELOPMENT_TEAM = B63FX989D9;
				INFOPLIST_FILE = Quiz/Info.plist;
				LD_RUNPATH_SEARCH_PATHS = (
					"$(inherited)",
					"@executable_path/Frameworks",
				);
				PRODUCT_BUNDLE_IDENTIFIER = com.rodrigoforbeck.Quiz;
				PRODUCT_NAME = "$(TARGET_NAME)";
				SWIFT_VERSION = 5.0;
				TARGETED_DEVICE_FAMILY = "1,2";
			};
			name = Release;
		};
/* End XCBuildConfiguration section */

/* Begin XCConfigurationList section */
		01E3F37C228494DC00656C50 /* Build configuration list for PBXProject "Quiz" */ = {
			isa = XCConfigurationList;
			buildConfigurations = (
				01E3F391228494DE00656C50 /* Debug */,
				01E3F392228494DE00656C50 /* Release */,
			);
			defaultConfigurationIsVisible = 0;
			defaultConfigurationName = Release;
		};
		01E3F393228494DE00656C50 /* Build configuration list for PBXNativeTarget "Quiz" */ = {
			isa = XCConfigurationList;
			buildConfigurations = (
				01E3F394228494DE00656C50 /* Debug */,
				01E3F395228494DE00656C50 /* Release */,
			);
			defaultConfigurationIsVisible = 0;
			defaultConfigurationName = Release;
		};
/* End XCConfigurationList section */
	};
	rootObject = 01E3F379228494DC00656C50 /* Project object */;
}
